
Microsoft Visual Studio Solution File, Format Version 12.00
# Visual Studio Version 17
VisualStudioVersion = 17.10.34916.146
MinimumVisualStudioVersion = 10.0.40219.1
Project("{FAE04EC0-301F-11D3-BF4B-00C04F79EFBC}") = "task1_read_from_txt", "task1_read_from_txt\task1_read_from_txt.csproj", "{C49D39A2-2E40-4395-A797-F7BD83048909}"
EndProject
Global
	GlobalSection(SolutionConfigurationPlatforms) = preSolution
		Debug|Any CPU = Debug|Any CPU
		Release|Any CPU = Release|Any CPU
	EndGlobalSection
	GlobalSection(ProjectConfigurationPlatforms) = postSolution
		{C49D39A2-2E40-4395-A797-F7BD83048909}.Debug|Any CPU.ActiveCfg = Debug|Any CPU
		{C49D39A2-2E40-4395-A797-F7BD83048909}.Debug|Any CPU.Build.0 = Debug|Any CPU
		{C49D39A2-2E40-4395-A797-F7BD83048909}.Release|Any CPU.ActiveCfg = Release|Any CPU
		{C49D39A2-2E40-4395-A797-F7BD83048909}.Release|Any CPU.Build.0 = Release|Any CPU
	EndGlobalSection
	GlobalSection(SolutionProperties) = preSolution
		HideSolutionNode = FALSE
	EndGlobalSection
	GlobalSection(ExtensibilityGlobals) = postSolution
		SolutionGuid = {A3B3AE85-2DAB-4753-BAB9-E72945516B86}
	EndGlobalSection
EndGlobal
